{
  "version": 1,
  "dependencies": {
    "net10.0": {
      "AssetRipper.TextureDecoder": {
        "type": "Direct",
        "requested": "[2.6.2, )",
        "resolved": "2.6.2",
        "contentHash": "amxJyySJVacy0vv+uPAmj6KoHlNuwZmZVd4TuBMCESQB2wwvH37gLzzo9/0zU6dPXbxXbSQDG1U7slOx50DtZw=="
      },
      "SharpGLTF.Core": {
        "type": "Direct",
        "requested": "[1.0.6, )",
        "resolved": "1.0.6",
        "contentHash": "m3qIvUnpvRRfQ0fp0TFfpPk+vsHkCIOf/uIVJ19fe9dwa29KCO/PeHVXKAph8nsFxFLXitTIIqCa5W8JGLMhBg=="
      },
      "SharpGLTF.Toolkit": {
        "type": "Direct",
        "requested": "[1.0.6, )",
        "resolved": "1.0.6",
        "contentHash": "wb9Ebb4uwXevL4WiLlry29RWIYlxa+NiAa0BB8iSR7VbmgSa5Ij/QaPNlKi1jjA4oL8aEygg5V76zY1SJfIS+Q==",
        "dependencies": {
          "SharpGLTF.Runtime": "1.0.6"
        }
      },
      "SixLabors.ImageSharp": {
        "type": "Direct",
        "requested": "[3.1.12, )",
        "resolved": "3.1.12",
        "contentHash": "iAg6zifihXEFS/t7fiHhZBGAdCp3FavsF4i2ZIDp0JfeYeDVzvmlbY1CNhhIKimaIzrzSi5M/NBFcWvZT2rB/A=="
      },
      "SkiaSharp": {
        "type": "Direct",
        "requested": "[2.88.9, )",
        "resolved": "2.88.9",
        "contentHash": "3MD5VHjXXieSHCleRLuaTXmL2pD0mB7CcOB1x2kA1I4bhptf4e3R27iM93264ZYuAq6mkUyX5XbcxnZvMJYc1Q==",
        "dependencies": {
          "SkiaSharp.NativeAssets.Win32": "2.88.9",
          "SkiaSharp.NativeAssets.macOS": "2.88.9"
        }
      },
      "SharpGLTF.Runtime": {
        "type": "Transitive",
        "resolved": "1.0.6",
        "contentHash": "MVb0p0gzwnjHB03b0kMhf9bVUd6gSvs/jBpTkL6rMa0RtzSGARbCvZkpGbHXjxgSTncprEuzV4nAaaAucifc3Q==",
        "dependencies": {
          "SharpGLTF.Core": "1.0.6"
        }
      },
      "SkiaSharp.NativeAssets.macOS": {
        "type": "Transitive",
        "resolved": "2.88.9",
        "contentHash": "Nv5spmKc4505Ep7oUoJ5vp3KweFpeNqxpyGDWyeEPTX2uR6S6syXIm3gj75dM0YJz7NPvcix48mR5laqs8dPuA=="
      },
      "SkiaSharp.NativeAssets.Win32": {
        "type": "Transitive",
        "resolved": "2.88.9",
        "contentHash": "wb2kYgU7iy84nQLYZwMeJXixvK++GoIuECjU4ECaUKNuflyRlJKyiRhN1MAHswvlvzuvkrjRWlK0Za6+kYQK7w=="
      }
    }
  }
}